
Microsoft Visual Studio Solution File, Format Version 12.00
# Visual Studio Version 17
VisualStudioVersion = 17.14.37203.1 d17.14
MinimumVisualStudioVersion = 10.0.40219.1
Project("{8BC9CEB8-8B4A-11D0-8D11-00A0C91BC942}") = "Task9", "Task9.vcxproj", "{66BB339A-5D91-45C3-9E3C-63B635FDA30C}"
EndProject
Global
	GlobalSection(SolutionConfigurationPlatforms) = preSolution
		Debug|x64 = Debug|x64
		Debug|x86 = Debug|x86
		Release|x64 = Release|x64
		Release|x86 = Release|x86
	EndGlobalSection
	GlobalSection(ProjectConfigurationPlatforms) = postSolution
		{66BB339A-5D91-45C3-9E3C-63B635FDA30C}.Debug|x64.ActiveCfg = Debug|x64
		{66BB339A-5D91-45C3-9E3C-63B635FDA30C}.Debug|x64.Build.0 = Debug|x64
		{66BB339A-5D91-45C3-9E3C-63B635FDA30C}.Debug|x86.ActiveCfg = Debug|Win32
		{66BB339A-5D91-45C3-9E3C-63B635FDA30C}.Debug|x86.Build.0 = Debug|Win32
		{66BB339A-5D91-45C3-9E3C-63B635FDA30C}.Release|x64.ActiveCfg = Release|x64
		{66BB339A-5D91-45C3-9E3C-63B635FDA30C}.Release|x64.Build.0 = Release|x64
		{66BB339A-5D91-45C3-9E3C-63B635FDA30C}.Release|x86.ActiveCfg = Release|Win32
		{66BB339A-5D91-45C3-9E3C-63B635FDA30C}.Release|x86.Build.0 = Release|Win32
	EndGlobalSection
	GlobalSection(SolutionProperties) = preSolution
		HideSolutionNode = FALSE
	EndGlobalSection
	GlobalSection(ExtensibilityGlobals) = postSolution
		SolutionGuid = {873DF3B0-929A-4C51-8756-937B6A352376}
	EndGlobalSection
EndGlobal
